lockfileVersion: '9.0'

settings:
  autoInstallPeers: true
  excludeLinksFromLockfile: false

importers:

  .:
    dependencies:
      motion:
        specifier: ^12.23.12
        version: 12.23.12

packages:

  framer-motion@12.23.12:
    resolution: {integrity: sha512-6e78rdVtnBvlEVgu6eFEAgG9v3wLnYEboM8I5O5EXvfKC8gxGQB8wXJdhkMy10iVcn05jl6CNw7/HTsTCfwcWg==}
    peerDependencies:
      '@emotion/is-prop-valid': '*'
      react: ^18.0.0 || ^19.0.0
      react-dom: ^18.0.0 || ^19.0.0
    peerDependenciesMeta:
      '@emotion/is-prop-valid':
        optional: true
      react:
        optional: true
      react-dom:
        optional: true

  motion-dom@12.23.12:
    resolution: {integrity: sha512-RcR4fvMCTESQBD/uKQe49D5RUeDOokkGRmz4ceaJKDBgHYtZtntC/s2vLvY38gqGaytinij/yi3hMcWVcEF5Kw==}

  motion-utils@12.23.6:
    resolution: {integrity: sha512-eAWoPgr4eFEOFfg2WjIsMoqJTW6Z8MTUCgn/GZ3VRpClWBdnbjryiA3ZSNLyxCTmCQx4RmYX6jX1iWHbenUPNQ==}

  motion@12.23.12:
    resolution: {integrity: sha512-8jCD8uW5GD1csOoqh1WhH1A6j5APHVE15nuBkFeRiMzYBdRwyAHmSP/oXSuW0WJPZRXTFdBoG4hY9TFWNhhwng==}
    peerDependencies:
      '@emotion/is-prop-valid': '*'
      react: ^18.0.0 || ^19.0.0
      react-dom: ^18.0.0 || ^19.0.0
    peerDependenciesMeta:
      '@emotion/is-prop-valid':
        optional: true
      react:
        optional: true
      react-dom:
        optional: true

  tslib@2.8.1:
    resolution: {integrity: sha512-oJFu94HQb+KVduSUQL7wnpmqnfmLsOA/nAh6b6EH0wCEoK0/mPeXU6c3wKDV83MkOuHPRHtSXKKU99IBazS/2w==}

snapshots:

  framer-motion@12.23.12:
    dependencies:
      motion-dom: 12.23.12
      motion-utils: 12.23.6
      tslib: 2.8.1

  motion-dom@12.23.12:
    dependencies:
      motion-utils: 12.23.6

  motion-utils@12.23.6: {}

  motion@12.23.12:
    dependencies:
      framer-motion: 12.23.12
      tslib: 2.8.1

  tslib@2.8.1: {}
